
Microsoft Visual Studio Solution File, Format Version 12.00
# Visual Studio Version 16
VisualStudioVersion = 16.0.29418.71
MinimumVisualStudioVersion = 10.0.40219.1
Project("{FAE04EC0-301F-11D3-BF4B-00C04F79EFBC}") = "BiometricAPI", "BiometricAPI\BiometricAPI.csproj", "{86C0A428-C456-4A9B-AD63-3FC9C4C7B2ED}"
EndProject
Project("{FAE04EC0-301F-11D3-BF4B-00C04F79EFBC}") = "BiometricAPI.Tests", "BiometricAPI.Tests\BiometricAPI.Tests.csproj", "{A6E3600A-86E0-4A76-86E5-7D57674BF649}"
EndProject
Project("{FAE04EC0-301F-11D3-BF4B-00C04F79EFBC}") = "BiometricBLL", "BiometricBLL\BiometricBLL.csproj", "{0274E3A5-1C92-4793-92B6-733009FE401B}"
EndProject
Project("{FAE04EC0-301F-11D3-BF4B-00C04F79EFBC}") = "BiometricBLLTests", "BiometricBLLTests\BiometricBLLTests.csproj", "{5CBD9712-D781-4E76-B6B6-55F4F822D647}"
EndProject
Global
	GlobalSection(SolutionConfigurationPlatforms) = preSolution
		Debug|Any CPU = Debug|Any CPU
		Release|Any CPU = Release|Any CPU
	EndGlobalSection
	GlobalSection(ProjectConfigurationPlatforms) = postSolution
		{86C0A428-C456-4A9B-AD63-3FC9C4C7B2ED}.Debug|Any CPU.ActiveCfg = Debug|Any CPU
		{86C0A428-C456-4A9B-AD63-3FC9C4C7B2ED}.Debug|Any CPU.Build.0 = Debug|Any CPU
		{86C0A428-C456-4A9B-AD63-3FC9C4C7B2ED}.Release|Any CPU.ActiveCfg = Release|Any CPU
		{86C0A428-C456-4A9B-AD63-3FC9C4C7B2ED}.Release|Any CPU.Build.0 = Release|Any CPU
		{A6E3600A-86E0-4A76-86E5-7D57674BF649}.Debug|Any CPU.ActiveCfg = Debug|Any CPU
		{A6E3600A-86E0-4A76-86E5-7D57674BF649}.Debug|Any CPU.Build.0 = Debug|Any CPU
		{A6E3600A-86E0-4A76-86E5-7D57674BF649}.Release|Any CPU.ActiveCfg = Release|Any CPU
		{A6E3600A-86E0-4A76-86E5-7D57674BF649}.Release|Any CPU.Build.0 = Release|Any CPU
		{0274E3A5-1C92-4793-92B6-733009FE401B}.Debug|Any CPU.ActiveCfg = Debug|Any CPU
		{0274E3A5-1C92-4793-92B6-733009FE401B}.Debug|Any CPU.Build.0 = Debug|Any CPU
		{0274E3A5-1C92-4793-92B6-733009FE401B}.Release|Any CPU.ActiveCfg = Release|Any CPU
		{0274E3A5-1C92-4793-92B6-733009FE401B}.Release|Any CPU.Build.0 = Release|Any CPU
		{5CBD9712-D781-4E76-B6B6-55F4F822D647}.Debug|Any CPU.ActiveCfg = Debug|Any CPU
		{5CBD9712-D781-4E76-B6B6-55F4F822D647}.Debug|Any CPU.Build.0 = Debug|Any CPU
		{5CBD9712-D781-4E76-B6B6-55F4F822D647}.Release|Any CPU.ActiveCfg = Release|Any CPU
		{5CBD9712-D781-4E76-B6B6-55F4F822D647}.Release|Any CPU.Build.0 = Release|Any CPU
	EndGlobalSection
	GlobalSection(SolutionProperties) = preSolution
		HideSolutionNode = FALSE
	EndGlobalSection
	GlobalSection(ExtensibilityGlobals) = postSolution
		SolutionGuid = {9D62ED0F-E827-4C5B-BCD5-F5BBEF6F0B19}
	EndGlobalSection
EndGlobal
